
Microsoft Visual Studio Solution File, Format Version 12.00
# Visual Studio Version 17
VisualStudioVersion = 17.2.32526.322
MinimumVisualStudioVersion = 10.0.40219.1
Project("{FAE04EC0-301F-11D3-BF4B-00C04F79EFBC}") = "WebMongoDB", "WebMongoDB\WebMongoDB.csproj", "{C83F73FE-2AF7-4FC1-8F5B-3A3DD7A64CB3}"
EndProject
Global
	GlobalSection(SolutionConfigurationPlatforms) = preSolution
		Debug|Any CPU = Debug|Any CPU
		Release|Any CPU = Release|Any CPU
	EndGlobalSection
	GlobalSection(ProjectConfigurationPlatforms) = postSolution
		{C83F73FE-2AF7-4FC1-8F5B-3A3DD7A64CB3}.Debug|Any CPU.ActiveCfg = Debug|Any CPU
		{C83F73FE-2AF7-4FC1-8F5B-3A3DD7A64CB3}.Debug|Any CPU.Build.0 = Debug|Any CPU
		{C83F73FE-2AF7-4FC1-8F5B-3A3DD7A64CB3}.Release|Any CPU.ActiveCfg = Release|Any CPU
		{C83F73FE-2AF7-4FC1-8F5B-3A3DD7A64CB3}.Release|Any CPU.Build.0 = Release|Any CPU
	EndGlobalSection
	GlobalSection(SolutionProperties) = preSolution
		HideSolutionNode = FALSE
	EndGlobalSection
	GlobalSection(ExtensibilityGlobals) = postSolution
		SolutionGuid = {DE647A53-9E45-49C9-9EA5-6D57F1ECA90A}
	EndGlobalSection
EndGlobal
